{
  "object": {
    "pins": [
      {
        "package": "huge-numbers",
        "repositoryURL": "https://github.com/RandomHashTags/swift_huge-numbers.git",
        "state": {
          "branch": null,
          "revision": "03a2bb52c476605d6e328e89c756e8cb7b583a21",
          "version": "1.0.15"
        }
      }
    ]
  },
  "version": 1
}
