{
  "pins" : [
    {
      "identity" : "swift_huge-numbers",
      "kind" : "remoteSourceControl",
      "location" : "https://github.com/RandomHashTags/swift_huge-numbers.git",
      "state" : {
        "revision" : "085e31230464b9385bdaf069ea037cc393c4cfd2",
        "version" : "1.0.16"
      }
    }
  ],
  "version" : 2
}
